
Microsoft Visual Studio Solution File, Format Version 12.00
# Visual Studio Version 17
VisualStudioVersion = 17.12.35527.113
MinimumVisualStudioVersion = 10.0.40219.1
Project("{FAE04EC0-301F-11D3-BF4B-00C04F79EFBC}") = "WikiHotWheelsWebScraper", "WikiHotWheelsWebScraper\WikiHotWheelsWebScraper.csproj", "{33BCBC0A-F8B7-4C9C-B379-F3767AD4756E}"
EndProject
Project("{FAE04EC0-301F-11D3-BF4B-00C04F79EFBC}") = "DemoTestingWebScraperUI", "DemoTestingWebScraper\DemoTestingWebScraperUI.csproj", "{76B8023D-D538-4874-8702-7FAA3C933F1D}"
EndProject
Global
	GlobalSection(SolutionConfigurationPlatforms) = preSolution
		Debug|Any CPU = Debug|Any CPU
		Release|Any CPU = Release|Any CPU
	EndGlobalSection
	GlobalSection(ProjectConfigurationPlatforms) = postSolution
		{33BCBC0A-F8B7-4C9C-B379-F3767AD4756E}.Debug|Any CPU.ActiveCfg = Debug|Any CPU
		{33BCBC0A-F8B7-4C9C-B379-F3767AD4756E}.Debug|Any CPU.Build.0 = Debug|Any CPU
		{33BCBC0A-F8B7-4C9C-B379-F3767AD4756E}.Release|Any CPU.ActiveCfg = Release|Any CPU
		{33BCBC0A-F8B7-4C9C-B379-F3767AD4756E}.Release|Any CPU.Build.0 = Release|Any CPU
		{76B8023D-D538-4874-8702-7FAA3C933F1D}.Debug|Any CPU.ActiveCfg = Debug|Any CPU
		{76B8023D-D538-4874-8702-7FAA3C933F1D}.Debug|Any CPU.Build.0 = Debug|Any CPU
		{76B8023D-D538-4874-8702-7FAA3C933F1D}.Release|Any CPU.ActiveCfg = Release|Any CPU
		{76B8023D-D538-4874-8702-7FAA3C933F1D}.Release|Any CPU.Build.0 = Release|Any CPU
	EndGlobalSection
	GlobalSection(SolutionProperties) = preSolution
		HideSolutionNode = FALSE
	EndGlobalSection
EndGlobal
